{
  "nodes": {
    "home-manager": {
      "inputs": {
        "nixpkgs": [
          "nixpkgs"
        ]
      },
      "locked": {
        "lastModified": 1789273010,
        "narHash": "sha256-E7dWx+utzZPpqQsBUd5sMimKTWMEEbTKFD+ya99Shps=",
        "owner": "nix-community",
        "repo": "home-manager",
        "rev": "fdc36b12804b0179b24a5ffd282e4c95c37072e2",
        "type": "github"
      },
      "original": {
        "owner": "nix-community",
        "repo": "home-manager",
        "type": "github"
      }
    },
    "mywm-shell-src": {
      "flake": false,
      "locked": {
        "lastModified": 1789683648,
        "narHash": "sha256-xdwGH1yWplUpwC8Zsvz8bEVk7+p43KDRaj0yRCMPCZw=",
        "owner": "Chr1ssi",
        "repo": "mywm-shell",
        "rev": "dca7734d959e223a7770189783da61373dcd0b26",
        "type": "github"
      },
      "original": {
        "owner": "Chr1ssi",
        "repo": "mywm-shell",
        "type": "github"
      }
    },
    "mywm-src": {
      "flake": false,
      "locked": {
        "lastModified": 1789684903,
        "narHash": "sha256-+uGB7CpxzG4nyvqeBozEeRroZ7rqhK34NlKBpe3uYgk=",
        "owner": "Chr1ssi",
        "repo": "mywm",
        "rev": "b40d29bb9090a9057ba0672b3a3a65b074193b42",
        "type": "github"
      },
      "original": {
        "owner": "Chr1ssi",
        "repo": "mywm",
        "type": "github"
      }
    },
    "nixpkgs": {
      "locked": {
        "lastModified": 1789149629,
        "narHash": "sha256-eQUZVehWLDBbpBR2rq6DnuRee1ULT6Y675RhsYDSjYI=",
        "rev": "eaad089433ca2bb662274377d33df3d0e51ef28b",
        "type": "tarball",
        "url": "https://releases.nixos.org/nixos/unstable/nixos-26.11pre1072397.eaad089433ca/nixexprs.tar.xz"
      },
      "original": {
        "id": "nixpkgs",
        "ref": "nixos-unstable",
        "type": "indirect"
      }
    },
    "root": {
      "inputs": {
        "home-manager": "home-manager",
        "mywm-shell-src": "mywm-shell-src",
        "mywm-src": "mywm-src",
        "nixpkgs": "nixpkgs"
      }
    }
  },
  "root": "root",
  "version": 7
}
